// !$*UTF8*$!
{
	archiveVersion = 1;
	classes = {
	};
	objectVersion = 56;
	objects = {

/* Begin PBXBuildFile section */
		FB23E7B8299BF3E8002B93DE /* MoviesItem.swift in Sources */ = {isa = PBXBuildFile; fileRef = FB23E7B7299BF3E8002B93DE /* MoviesItem.swift */; };
		FB23E7BC299BF40C002B93DE /* MoviesResponse.swift in Sources */ = {isa = PBXBuildFile; fileRef = FB23E7BB299BF40C002B93DE /* MoviesResponse.swift */; };
		FB23E7BF299BF424002B93DE /* NetworkError.swift in Sources */ = {isa = PBXBuildFile; fileRef = FB23E7BE299BF424002B93DE /* NetworkError.swift */; };
		FB23E7C1299BF431002B93DE /* MoviesItemMapper.swift in Sources */ = {isa = PBXBuildFile; fileRef = FB23E7C0299BF431002B93DE /* MoviesItemMapper.swift */; };
		FB23E7C3299BF447002B93DE /* MoviesLoader.swift in Sources */ = {isa = PBXBuildFile; fileRef = FB23E7C2299BF447002B93DE /* MoviesLoader.swift */; };
		FB23E7C8299D3CA5002B93DE /* TMDB-CD.xcdatamodeld in Sources */ = {isa = PBXBuildFile; fileRef = FB23E7C6299D3CA5002B93DE /* TMDB-CD.xcdatamodeld */; };
		FB23E7D3299D3DC4002B93DE /* MoviesEntity+CoreDataClass.swift in Sources */ = {isa = PBXBuildFile; fileRef = FB23E7D1299D3DC4002B93DE /* MoviesEntity+CoreDataClass.swift */; };
		FB23E7D4299D3DC4002B93DE /* MoviesEntity+CoreDataProperties.swift in Sources */ = {isa = PBXBuildFile; fileRef = FB23E7D2299D3DC4002B93DE /* MoviesEntity+CoreDataProperties.swift */; };
		FB23E7D6299D3E30002B93DE /* CoreDataManager.swift in Sources */ = {isa = PBXBuildFile; fileRef = FB23E7D5299D3E30002B93DE /* CoreDataManager.swift */; };
		FB23E7D8299D3FDF002B93DE /* MoviesLocalLoader.swift in Sources */ = {isa = PBXBuildFile; fileRef = FB23E7D7299D3FDF002B93DE /* MoviesLocalLoader.swift */; };
		FB7B08B0298EABE60027EECD /* AppDelegate.swift in Sources */ = {isa = PBXBuildFile; fileRef = FB7B08AF298EABE60027EECD /* AppDelegate.swift */; };
		FB7B08B4298EABE60027EECD /* ViewController.swift in Sources */ = {isa = PBXBuildFile; fileRef = FB7B08B3298EABE60027EECD /* ViewController.swift */; };
		FB7B08B9298EABE70027EECD /* Assets.xcassets in Resources */ = {isa = PBXBuildFile; fileRef = FB7B08B8298EABE70027EECD /* Assets.xcassets */; };
		FB7B08C7298EABE70027EECD /* TMDB_iOSTests.swift in Sources */ = {isa = PBXBuildFile; fileRef = FB7B08C6298EABE70027EECD /* TMDB_iOSTests.swift */; };
		FB7B08D1298EABE70027EECD /* TMDB_iOSUITests.swift in Sources */ = {isa = PBXBuildFile; fileRef = FB7B08D0298EABE70027EECD /* TMDB_iOSUITests.swift */; };
		FB7B08D3298EABE70027EECD /* TMDB_iOSUITestsLaunchTests.swift in Sources */ = {isa = PBXBuildFile; fileRef = FB7B08D2298EABE70027EECD /* TMDB_iOSUITestsLaunchTests.swift */; };
/* End PBXBuildFile section */

/* Begin PBXContainerItemProxy section */
		FB7B08C3298EABE70027EECD /* PBXContainerItemProxy */ = {
			isa = PBXContainerItemProxy;
			containerPortal = FB7B08A4298EABE60027EECD /* Project object */;
			proxyType = 1;
			remoteGlobalIDString = FB7B08AB298EABE60027EECD;
			remoteInfo = "TMDB-iOS";
		};
		FB7B08CD298EABE70027EECD /* PBXContainerItemProxy */ = {
			isa = PBXContainerItemProxy;
			containerPortal = FB7B08A4298EABE60027EECD /* Project object */;
			proxyType = 1;
			remoteGlobalIDString = FB7B08AB298EABE60027EECD;
			remoteInfo = "TMDB-iOS";
		};
/* End PBXContainerItemProxy section */

/* Begin PBXFileReference section */
		FB23E7B7299BF3E8002B93DE /* MoviesItem.swift */ = {isa = PBXFileReference; lastKnownFileType = sourcecode.swift; path = MoviesItem.swift; sourceTree = "<group>"; };
		FB23E7BB299BF40C002B93DE /* MoviesResponse.swift */ = {isa = PBXFileReference; lastKnownFileType = sourcecode.swift; path = MoviesResponse.swift; sourceTree = "<group>"; };
		FB23E7BE299BF424002B93DE /* NetworkError.swift */ = {isa = PBXFileReference; lastKnownFileType = sourcecode.swift; path = NetworkError.swift; sourceTree = "<group>"; };
		FB23E7C0299BF431002B93DE /* MoviesItemMapper.swift */ = {isa = PBXFileReference; lastKnownFileType = sourcecode.swift; path = MoviesItemMapper.swift; sourceTree = "<group>"; };
		FB23E7C2299BF447002B93DE /* MoviesLoader.swift */ = {isa = PBXFileReference; lastKnownFileType = sourcecode.swift; path = MoviesLoader.swift; sourceTree = "<group>"; };
		FB23E7C7299D3CA5002B93DE /* TMDB-CD.xcdatamodel */ = {isa = PBXFileReference; lastKnownFileType = wrapper.xcdatamodel; path = "TMDB-CD.xcdatamodel"; sourceTree = "<group>"; };
		FB23E7D1299D3DC4002B93DE /* MoviesEntity+CoreDataClass.swift */ = {isa = PBXFileReference; lastKnownFileType = sourcecode.swift; path = "MoviesEntity+CoreDataClass.swift"; sourceTree = "<group>"; };
		FB23E7D2299D3DC4002B93DE /* MoviesEntity+CoreDataProperties.swift */ = {isa = PBXFileReference; lastKnownFileType = sourcecode.swift; path = "MoviesEntity+CoreDataProperties.swift"; sourceTree = "<group>"; };
		FB23E7D5299D3E30002B93DE /* CoreDataManager.swift */ = {isa = PBXFileReference; lastKnownFileType = sourcecode.swift; path = CoreDataManager.swift; sourceTree = "<group>"; };
		FB23E7D7299D3FDF002B93DE /* MoviesLocalLoader.swift */ = {isa = PBXFileReference; lastKnownFileType = sourcecode.swift; path = MoviesLocalLoader.swift; sourceTree = "<group>"; };
		FB7B08AC298EABE60027EECD /* TMDB-iOS.app */ = {isa = PBXFileReference; explicitFileType = wrapper.application; includeInIndex = 0; path = "TMDB-iOS.app"; sourceTree = BUILT_PRODUCTS_DIR; };
		FB7B08AF298EABE60027EECD /* AppDelegate.swift */ = {isa = PBXFileReference; lastKnownFileType = sourcecode.swift; path = AppDelegate.swift; sourceTree = "<group>"; };
		FB7B08B3298EABE60027EECD /* ViewController.swift */ = {isa = PBXFileReference; lastKnownFileType = sourcecode.swift; path = ViewController.swift; sourceTree = "<group>"; };
		FB7B08B8298EABE70027EECD /* Assets.xcassets */ = {isa = PBXFileReference; lastKnownFileType = folder.assetcatalog; path = Assets.xcassets; sourceTree = "<group>"; };
		FB7B08BD298EABE70027EECD /* Info.plist */ = {isa = PBXFileReference; lastKnownFileType = text.plist.xml; path = Info.plist; sourceTree = "<group>"; };
		FB7B08C2298EABE70027EECD /* TMDB-iOSTests.xctest */ = {isa = PBXFileReference; explicitFileType = wrapper.cfbundle; includeInIndex = 0; path = "TMDB-iOSTests.xctest"; sourceTree = BUILT_PRODUCTS_DIR; };
		FB7B08C6298EABE70027EECD /* TMDB_iOSTests.swift */ = {isa = PBXFileReference; lastKnownFileType = sourcecode.swift; path = TMDB_iOSTests.swift; sourceTree = "<group>"; };
		FB7B08CC298EABE70027EECD /* TMDB-iOSUITests.xctest */ = {isa = PBXFileReference; explicitFileType = wrapper.cfbundle; includeInIndex = 0; path = "TMDB-iOSUITests.xctest"; sourceTree = BUILT_PRODUCTS_DIR; };
		FB7B08D0298EABE70027EECD /* TMDB_iOSUITests.swift */ = {isa = PBXFileReference; lastKnownFileType = sourcecode.swift; path = TMDB_iOSUITests.swift; sourceTree = "<group>"; };
		FB7B08D2298EABE70027EECD /* TMDB_iOSUITestsLaunchTests.swift */ = {isa = PBXFileReference; lastKnownFileType = sourcecode.swift; path = TMDB_iOSUITestsLaunchTests.swift; sourceTree = "<group>"; };
/* End PBXFileReference section */

/* Begin PBXFrameworksBuildPhase section */
		FB7B08A9298EABE60027EECD /* Frameworks */ = {
			isa = PBXFrameworksBuildPhase;
			buildActionMask = 2147483647;
			files = (
			);
			runOnlyForDeploymentPostprocessing = 0;
		};
		FB7B08BF298EABE70027EECD /* Frameworks */ = {
			isa = PBXFrameworksBuildPhase;
			buildActionMask = 2147483647;
			files = (
			);
			runOnlyForDeploymentPostprocessing = 0;
		};
		FB7B08C9298EABE70027EECD /* Frameworks */ = {
			isa = PBXFrameworksBuildPhase;
			buildActionMask = 2147483647;
			files = (
			);
			runOnlyForDeploymentPostprocessing = 0;
		};
/* End PBXFrameworksBuildPhase section */

/* Begin PBXGroup section */
		FB23E7B6299BF3D0002B93DE /* Data */ = {
			isa = PBXGroup;
			children = (
				FB23E7C4299D3C6C002B93DE /* Local */,
				FB23E7B9299BF3EE002B93DE /* Remote */,
				FB23E7B7299BF3E8002B93DE /* MoviesItem.swift */,
			);
			path = Data;
			sourceTree = "<group>";
		};
		FB23E7B9299BF3EE002B93DE /* Remote */ = {
			isa = PBXGroup;
			children = (
				FB23E7BD299BF41A002B93DE /* Network */,
				FB23E7BA299BF3FF002B93DE /* Response */,
			);
			path = Remote;
			sourceTree = "<group>";
		};
		FB23E7BA299BF3FF002B93DE /* Response */ = {
			isa = PBXGroup;
			children = (
				FB23E7BB299BF40C002B93DE /* MoviesResponse.swift */,
			);
			path = Response;
			sourceTree = "<group>";
		};
		FB23E7BD299BF41A002B93DE /* Network */ = {
			isa = PBXGroup;
			children = (
				FB23E7C0299BF431002B93DE /* MoviesItemMapper.swift */,
				FB23E7C2299BF447002B93DE /* MoviesLoader.swift */,
				FB23E7BE299BF424002B93DE /* NetworkError.swift */,
			);
			path = Network;
			sourceTree = "<group>";
		};
		FB23E7C4299D3C6C002B93DE /* Local */ = {
			isa = PBXGroup;
			children = (
				FB23E7D0299D3D9E002B93DE /* Entity */,
				FB23E7C5299D3C7F002B93DE /* CoreData */,
			);
			path = Local;
			sourceTree = "<group>";
		};
		FB23E7C5299D3C7F002B93DE /* CoreData */ = {
			isa = PBXGroup;
			children = (
				FB23E7C6299D3CA5002B93DE /* TMDB-CD.xcdatamodeld */,
				FB23E7D5299D3E30002B93DE /* CoreDataManager.swift */,
				FB23E7D7299D3FDF002B93DE /* MoviesLocalLoader.swift */,
			);
			path = CoreData;
			sourceTree = "<group>";
		};
		FB23E7D0299D3D9E002B93DE /* Entity */ = {
			isa = PBXGroup;
			children = (
				FB23E7D1299D3DC4002B93DE /* MoviesEntity+CoreDataClass.swift */,
				FB23E7D2299D3DC4002B93DE /* MoviesEntity+CoreDataProperties.swift */,
			);
			path = Entity;
			sourceTree = "<group>";
		};
		FB7B08A3298EABE60027EECD = {
			isa = PBXGroup;
			children = (
				FB7B08AE298EABE60027EECD /* TMDB-iOS */,
				FB7B08C5298EABE70027EECD /* TMDB-iOSTests */,
				FB7B08CF298EABE70027EECD /* TMDB-iOSUITests */,
				FB7B08AD298EABE60027EECD /* Products */,
			);
			sourceTree = "<group>";
		};
		FB7B08AD298EABE60027EECD /* Products */ = {
			isa = PBXGroup;
			children = (
				FB7B08AC298EABE60027EECD /* TMDB-iOS.app */,
				FB7B08C2298EABE70027EECD /* TMDB-iOSTests.xctest */,
				FB7B08CC298EABE70027EECD /* TMDB-iOSUITests.xctest */,
			);
			name = Products;
			sourceTree = "<group>";
		};
		FB7B08AE298EABE60027EECD /* TMDB-iOS */ = {
			isa = PBXGroup;
			children = (
				FB23E7B6299BF3D0002B93DE /* Data */,
				FB7B08DF298EAD000027EECD /* Common */,
				FB7B08E0298EAD890027EECD /* Resources */,
				FB7B08B3298EABE60027EECD /* ViewController.swift */,
			);
			path = "TMDB-iOS";
			sourceTree = "<group>";
		};
		FB7B08C5298EABE70027EECD /* TMDB-iOSTests */ = {
			isa = PBXGroup;
			children = (
				FB7B08C6298EABE70027EECD /* TMDB_iOSTests.swift */,
			);
			path = "TMDB-iOSTests";
			sourceTree = "<group>";
		};
		FB7B08CF298EABE70027EECD /* TMDB-iOSUITests */ = {
			isa = PBXGroup;
			children = (
				FB7B08D0298EABE70027EECD /* TMDB_iOSUITests.swift */,
				FB7B08D2298EABE70027EECD /* TMDB_iOSUITestsLaunchTests.swift */,
			);
			path = "TMDB-iOSUITests";
			sourceTree = "<group>";
		};
		FB7B08DF298EAD000027EECD /* Common */ = {
			isa = PBXGroup;
			children = (
				FB7B08AF298EABE60027EECD /* AppDelegate.swift */,
				FB7B08BD298EABE70027EECD /* Info.plist */,
			);
			path = Common;
			sourceTree = "<group>";
		};
		FB7B08E0298EAD890027EECD /* Resources */ = {
			isa = PBXGroup;
			children = (
				FB7B08B8298EABE70027EECD /* Assets.xcassets */,
			);
			path = Resources;
			sourceTree = "<group>";
		};
/* End PBXGroup section */

/* Begin PBXNativeTarget section */
		FB7B08AB298EABE60027EECD /* TMDB-iOS */ = {
			isa = PBXNativeTarget;
			buildConfigurationList = FB7B08D6298EABE70027EECD /* Build configuration list for PBXNativeTarget "TMDB-iOS" */;
			buildPhases = (
				FB7B08E3298FF6E60027EECD /* Run SwiftLint */,
				FB7B08A8298EABE60027EECD /* Sources */,
				FB7B08A9298EABE60027EECD /* Frameworks */,
				FB7B08AA298EABE60027EECD /* Resources */,
			);
			buildRules = (
			);
			dependencies = (
			);
			name = "TMDB-iOS";
			productName = "TMDB-iOS";
			productReference = FB7B08AC298EABE60027EECD /* TMDB-iOS.app */;
			productType = "com.apple.product-type.application";
		};
		FB7B08C1298EABE70027EECD /* TMDB-iOSTests */ = {
			isa = PBXNativeTarget;
			buildConfigurationList = FB7B08D9298EABE70027EECD /* Build configuration list for PBXNativeTarget "TMDB-iOSTests" */;
			buildPhases = (
				FB7B08BE298EABE70027EECD /* Sources */,
				FB7B08BF298EABE70027EECD /* Frameworks */,
				FB7B08C0298EABE70027EECD /* Resources */,
			);
			buildRules = (
			);
			dependencies = (
				FB7B08C4298EABE70027EECD /* PBXTargetDependency */,
			);
			name = "TMDB-iOSTests";
			productName = "TMDB-iOSTests";
			productReference = FB7B08C2298EABE70027EECD /* TMDB-iOSTests.xctest */;
			productType = "com.apple.product-type.bundle.unit-test";
		};
		FB7B08CB298EABE70027EECD /* TMDB-iOSUITests */ = {
			isa = PBXNativeTarget;
			buildConfigurationList = FB7B08DC298EABE70027EECD /* Build configuration list for PBXNativeTarget "TMDB-iOSUITests" */;
			buildPhases = (
				FB7B08C8298EABE70027EECD /* Sources */,
				FB7B08C9298EABE70027EECD /* Frameworks */,
				FB7B08CA298EABE70027EECD /* Resources */,
			);
			buildRules = (
			);
			dependencies = (
				FB7B08CE298EABE70027EECD /* PBXTargetDependency */,
			);
			name = "TMDB-iOSUITests";
			productName = "TMDB-iOSUITests";
			productReference = FB7B08CC298EABE70027EECD /* TMDB-iOSUITests.xctest */;
			productType = "com.apple.product-type.bundle.ui-testing";
		};
/* End PBXNativeTarget section */

/* Begin PBXProject section */
		FB7B08A4298EABE60027EECD /* Project object */ = {
			isa = PBXProject;
			attributes = {
				BuildIndependentTargetsInParallel = 1;
				LastSwiftUpdateCheck = 1420;
				LastUpgradeCheck = 1420;
				TargetAttributes = {
					FB7B08AB298EABE60027EECD = {
						CreatedOnToolsVersion = 14.2;
					};
					FB7B08C1298EABE70027EECD = {
						CreatedOnToolsVersion = 14.2;
						TestTargetID = FB7B08AB298EABE60027EECD;
					};
					FB7B08CB298EABE70027EECD = {
						CreatedOnToolsVersion = 14.2;
						TestTargetID = FB7B08AB298EABE60027EECD;
					};
				};
			};
			buildConfigurationList = FB7B08A7298EABE60027EECD /* Build configuration list for PBXProject "TMDB-iOS" */;
			compatibilityVersion = "Xcode 14.0";
			developmentRegion = en;
			hasScannedForEncodings = 0;
			knownRegions = (
				en,
				Base,
			);
			mainGroup = FB7B08A3298EABE60027EECD;
			productRefGroup = FB7B08AD298EABE60027EECD /* Products */;
			projectDirPath = "";
			projectRoot = "";
			targets = (
				FB7B08AB298EABE60027EECD /* TMDB-iOS */,
				FB7B08C1298EABE70027EECD /* TMDB-iOSTests */,
				FB7B08CB298EABE70027EECD /* TMDB-iOSUITests */,
			);
		};
/* End PBXProject section */

/* Begin PBXResourcesBuildPhase section */
		FB7B08AA298EABE60027EECD /* Resources */ = {
			isa = PBXResourcesBuildPhase;
			buildActionMask = 2147483647;
			files = (
				FB7B08B9298EABE70027EECD /* Assets.xcassets in Resources */,
			);
			runOnlyForDeploymentPostprocessing = 0;
		};
		FB7B08C0298EABE70027EECD /* Resources */ = {
			isa = PBXResourcesBuildPhase;
			buildActionMask = 2147483647;
			files = (
			);
			runOnlyForDeploymentPostprocessing = 0;
		};
		FB7B08CA298EABE70027EECD /* Resources */ = {
			isa = PBXResourcesBuildPhase;
			buildActionMask = 2147483647;
			files = (
			);
			runOnlyForDeploymentPostprocessing = 0;
		};
/* End PBXResourcesBuildPhase section */

/* Begin PBXShellScriptBuildPhase section */
		FB7B08E3298FF6E60027EECD /* Run SwiftLint */ = {
			isa = PBXShellScriptBuildPhase;
			alwaysOutOfDate = 1;
			buildActionMask = 2147483647;
			files = (
			);
			inputFileListPaths = (
			);
			inputPaths = (
			);
			name = "Run SwiftLint";
			outputFileListPaths = (
			);
			outputPaths = (
			);
			runOnlyForDeploymentPostprocessing = 0;
			shellPath = /bin/sh;
			shellScript = "export PATH=\"$PATH:/opt/homebrew/bin\"\nif which swiftlint > /dev/null; then\n  swiftlint\nelse\n  echo \"warning: SwiftLint not installed, download from https://github.com/realm/SwiftLint\"\nfi\n";
		};
/* End PBXShellScriptBuildPhase section */

/* Begin PBXSourcesBuildPhase section */
		FB7B08A8298EABE60027EECD /* Sources */ = {
			isa = PBXSourcesBuildPhase;
			buildActionMask = 2147483647;
			files = (
				FB23E7D3299D3DC4002B93DE /* MoviesEntity+CoreDataClass.swift in Sources */,
				FB23E7D4299D3DC4002B93DE /* MoviesEntity+CoreDataProperties.swift in Sources */,
				FB23E7C1299BF431002B93DE /* MoviesItemMapper.swift in Sources */,
				FB23E7B8299BF3E8002B93DE /* MoviesItem.swift in Sources */,
				FB23E7BC299BF40C002B93DE /* MoviesResponse.swift in Sources */,
				FB7B08B4298EABE60027EECD /* ViewController.swift in Sources */,
				FB7B08B0298EABE60027EECD /* AppDelegate.swift in Sources */,
				FB23E7BF299BF424002B93DE /* NetworkError.swift in Sources */,
				FB23E7C3299BF447002B93DE /* MoviesLoader.swift in Sources */,
				FB23E7C8299D3CA5002B93DE /* TMDB-CD.xcdatamodeld in Sources */,
				FB23E7D6299D3E30002B93DE /* CoreDataManager.swift in Sources */,
				FB23E7D8299D3FDF002B93DE /* MoviesLocalLoader.swift in Sources */,
			);
			runOnlyForDeploymentPostprocessing = 0;
		};
		FB7B08BE298EABE70027EECD /* Sources */ = {
			isa = PBXSourcesBuildPhase;
			buildActionMask = 2147483647;
			files = (
				FB7B08C7298EABE70027EECD /* TMDB_iOSTests.swift in Sources */,
			);
			runOnlyForDeploymentPostprocessing = 0;
		};
		FB7B08C8298EABE70027EECD /* Sources */ = {
			isa = PBXSourcesBuildPhase;
			buildActionMask = 2147483647;
			files = (
				FB7B08D3298EABE70027EECD /* TMDB_iOSUITestsLaunchTests.swift in Sources */,
				FB7B08D1298EABE70027EECD /* TMDB_iOSUITests.swift in Sources */,
			);
			runOnlyForDeploymentPostprocessing = 0;
		};
/* End PBXSourcesBuildPhase section */

/* Begin PBXTargetDependency section */
		FB7B08C4298EABE70027EECD /* PBXTargetDependency */ = {
			isa = PBXTargetDependency;
			target = FB7B08AB298EABE60027EECD /* TMDB-iOS */;
			targetProxy = FB7B08C3298EABE70027EECD /* PBXContainerItemProxy */;
		};
		FB7B08CE298EABE70027EECD /* PBXTargetDependency */ = {
			isa = PBXTargetDependency;
			target = FB7B08AB298EABE60027EECD /* TMDB-iOS */;
			targetProxy = FB7B08CD298EABE70027EECD /* PBXContainerItemProxy */;
		};
/* End PBXTargetDependency section */

/* Begin XCBuildConfiguration section */
		FB7B08D4298EABE70027EECD /* Debug */ = {
			isa = XCBuildConfiguration;
			buildSettings = {
				ALWAYS_SEARCH_USER_PATHS = NO;
				CLANG_ANALYZER_NONNULL = YES;
				CLANG_ANALYZER_NUMBER_OBJECT_CONVERSION = YES_AGGRESSIVE;
				CLANG_CXX_LANGUAGE_STANDARD = "gnu++20";
				CLANG_ENABLE_MODULES = YES;
				CLANG_ENABLE_OBJC_ARC = YES;
				CLANG_ENABLE_OBJC_WEAK = YES;
				CLANG_WARN_BLOCK_CAPTURE_AUTORELEASING = YES;
				CLANG_WARN_BOOL_CONVERSION = YES;
				CLANG_WARN_COMMA = YES;
				CLANG_WARN_CONSTANT_CONVERSION = YES;
				CLANG_WARN_DEPRECATED_OBJC_IMPLEMENTATIONS = YES;
				CLANG_WARN_DIRECT_OBJC_ISA_USAGE = YES_ERROR;
				CLANG_WARN_DOCUMENTATION_COMMENTS = YES;
				CLANG_WARN_EMPTY_BODY = YES;
				CLANG_WARN_ENUM_CONVERSION = YES;
				CLANG_WARN_INFINITE_RECURSION = YES;
				CLANG_WARN_INT_CONVERSION = YES;
				CLANG_WARN_NON_LITERAL_NULL_CONVERSION = YES;
				CLANG_WARN_OBJC_IMPLICIT_RETAIN_SELF = YES;
				CLANG_WARN_OBJC_LITERAL_CONVERSION = YES;
				CLANG_WARN_OBJC_ROOT_CLASS = YES_ERROR;
				CLANG_WARN_QUOTED_INCLUDE_IN_FRAMEWORK_HEADER = YES;
				CLANG_WARN_RANGE_LOOP_ANALYSIS = YES;
				CLANG_WARN_STRICT_PROTOTYPES = YES;
				CLANG_WARN_SUSPICIOUS_MOVE = YES;
				CLANG_WARN_UNGUARDED_AVAILABILITY = YES_AGGRESSIVE;
				CLANG_WARN_UNREACHABLE_CODE = YES;
				CLANG_WARN__DUPLICATE_METHOD_MATCH = YES;
				COPY_PHASE_STRIP = NO;
				DEBUG_INFORMATION_FORMAT = dwarf;
				ENABLE_STRICT_OBJC_MSGSEND = YES;
				ENABLE_TESTABILITY = YES;
				GCC_C_LANGUAGE_STANDARD = gnu11;
				GCC_DYNAMIC_NO_PIC = NO;
				GCC_NO_COMMON_BLOCKS = YES;
				GCC_OPTIMIZATION_LEVEL = 0;
				GCC_PREPROCESSOR_DEFINITIONS = (
					"DEBUG=1",
					"$(inherited)",
				);
				GCC_WARN_64_TO_32_BIT_CONVERSION = YES;
				GCC_WARN_ABOUT_RETURN_TYPE = YES_ERROR;
				GCC_WARN_UNDECLARED_SELECTOR = YES;
				GCC_WARN_UNINITIALIZED_AUTOS = YES_AGGRESSIVE;
				GCC_WARN_UNUSED_FUNCTION = YES;
				GCC_WARN_UNUSED_VARIABLE = YES;
				IPHONEOS_DEPLOYMENT_TARGET = 16.2;
				MTL_ENABLE_DEBUG_INFO = INCLUDE_SOURCE;
				MTL_FAST_MATH = YES;
				ONLY_ACTIVE_ARCH = YES;
				SDKROOT = iphoneos;
				SWIFT_ACTIVE_COMPILATION_CONDITIONS = DEBUG;
				SWIFT_OPTIMIZATION_LEVEL = "-Onone";
			};
			name = Debug;
		};
		FB7B08D5298EABE70027EECD /* Release */ = {
			isa = XCBuildConfiguration;
			buildSettings = {
				ALWAYS_SEARCH_USER_PATHS = NO;
				CLANG_ANALYZER_NONNULL = YES;
				CLANG_ANALYZER_NUMBER_OBJECT_CONVERSION = YES_AGGRESSIVE;
				CLANG_CXX_LANGUAGE_STANDARD = "gnu++20";
				CLANG_ENABLE_MODULES = YES;
				CLANG_ENABLE_OBJC_ARC = YES;
				CLANG_ENABLE_OBJC_WEAK = YES;
				CLANG_WARN_BLOCK_CAPTURE_AUTORELEASING = YES;
				CLANG_WARN_BOOL_CONVERSION = YES;
				CLANG_WARN_COMMA = YES;
				CLANG_WARN_CONSTANT_CONVERSION = YES;
				CLANG_WARN_DEPRECATED_OBJC_IMPLEMENTATIONS = YES;
				CLANG_WARN_DIRECT_OBJC_ISA_USAGE = YES_ERROR;
				CLANG_WARN_DOCUMENTATION_COMMENTS = YES;
				CLANG_WARN_EMPTY_BODY = YES;
				CLANG_WARN_ENUM_CONVERSION = YES;
				CLANG_WARN_INFINITE_RECURSION = YES;
				CLANG_WARN_INT_CONVERSION = YES;
				CLANG_WARN_NON_LITERAL_NULL_CONVERSION = YES;
				CLANG_WARN_OBJC_IMPLICIT_RETAIN_SELF = YES;
				CLANG_WARN_OBJC_LITERAL_CONVERSION = YES;
				CLANG_WARN_OBJC_ROOT_CLASS = YES_ERROR;
				CLANG_WARN_QUOTED_INCLUDE_IN_FRAMEWORK_HEADER = YES;
				CLANG_WARN_RANGE_LOOP_ANALYSIS = YES;
				CLANG_WARN_STRICT_PROTOTYPES = YES;
				CLANG_WARN_SUSPICIOUS_MOVE = YES;
				CLANG_WARN_UNGUARDED_AVAILABILITY = YES_AGGRESSIVE;
				CLANG_WARN_UNREACHABLE_CODE = YES;
				CLANG_WARN__DUPLICATE_METHOD_MATCH = YES;
				COPY_PHASE_STRIP = NO;
				DEBUG_INFORMATION_FORMAT = "dwarf-with-dsym";
				ENABLE_NS_ASSERTIONS = NO;
				ENABLE_STRICT_OBJC_MSGSEND = YES;
				GCC_C_LANGUAGE_STANDARD = gnu11;
				GCC_NO_COMMON_BLOCKS = YES;
				GCC_WARN_64_TO_32_BIT_CONVERSION = YES;
				GCC_WARN_ABOUT_RETURN_TYPE = YES_ERROR;
				GCC_WARN_UNDECLARED_SELECTOR = YES;
				GCC_WARN_UNINITIALIZED_AUTOS = YES_AGGRESSIVE;
				GCC_WARN_UNUSED_FUNCTION = YES;
				GCC_WARN_UNUSED_VARIABLE = YES;
				IPHONEOS_DEPLOYMENT_TARGET = 16.2;
				MTL_ENABLE_DEBUG_INFO = NO;
				MTL_FAST_MATH = YES;
				SDKROOT = iphoneos;
				SWIFT_COMPILATION_MODE = wholemodule;
				SWIFT_OPTIMIZATION_LEVEL = "-O";
				VALIDATE_PRODUCT = YES;
			};
			name = Release;
		};
		FB7B08D7298EABE70027EECD /* Debug */ = {
			isa = XCBuildConfiguration;
			buildSettings = {
				ASSETCATALOG_COMPILER_APPICON_NAME = AppIcon;
				ASSETCATALOG_COMPILER_GLOBAL_ACCENT_COLOR_NAME = AccentColor;
				CODE_SIGN_STYLE = Automatic;
				CURRENT_PROJECT_VERSION = 1;
				GENERATE_INFOPLIST_FILE = YES;
				INFOPLIST_FILE = "TMDB-iOS/Common/Info.plist";
				INFOPLIST_KEY_UIApplicationSupportsIndirectInputEvents = YES;
				INFOPLIST_KEY_UILaunchStoryboardName = LaunchScreen;
				INFOPLIST_KEY_UISupportedInterfaceOrientations_iPad = "UIInterfaceOrientationPortrait UIInterfaceOrientationPortraitUpsideDown UIInterfaceOrientationLandscapeLeft UIInterfaceOrientationLandscapeRight";
				INFOPLIST_KEY_UISupportedInterfaceOrientations_iPhone = "UIInterfaceOrientationPortrait UIInterfaceOrientationLandscapeLeft UIInterfaceOrientationLandscapeRight";
				LD_RUNPATH_SEARCH_PATHS = (
					"$(inherited)",
					"@executable_path/Frameworks",
				);
				MARKETING_VERSION = 1.0;
				PRODUCT_BUNDLE_IDENTIFIER = "com.hafizhmo.TMDB-iOS";
				PRODUCT_NAME = "$(TARGET_NAME)";
				SUPPORTED_PLATFORMS = "iphoneos iphonesimulator";
				SUPPORTS_MACCATALYST = NO;
				SUPPORTS_MAC_DESIGNED_FOR_IPHONE_IPAD = NO;
				SWIFT_EMIT_LOC_STRINGS = YES;
				SWIFT_VERSION = 5.0;
				TARGETED_DEVICE_FAMILY = 1;
			};
			name = Debug;
		};
		FB7B08D8298EABE70027EECD /* Release */ = {
			isa = XCBuildConfiguration;
			buildSettings = {
				ASSETCATALOG_COMPILER_APPICON_NAME = AppIcon;
				ASSETCATALOG_COMPILER_GLOBAL_ACCENT_COLOR_NAME = AccentColor;
				CODE_SIGN_STYLE = Automatic;
				CURRENT_PROJECT_VERSION = 1;
				GENERATE_INFOPLIST_FILE = YES;
				INFOPLIST_FILE = "TMDB-iOS/Common/Info.plist";
				INFOPLIST_KEY_UIApplicationSupportsIndirectInputEvents = YES;
				INFOPLIST_KEY_UILaunchStoryboardName = LaunchScreen;
				INFOPLIST_KEY_UISupportedInterfaceOrientations_iPad = "UIInterfaceOrientationPortrait UIInterfaceOrientationPortraitUpsideDown UIInterfaceOrientationLandscapeLeft UIInterfaceOrientationLandscapeRight";
				INFOPLIST_KEY_UISupportedInterfaceOrientations_iPhone = "UIInterfaceOrientationPortrait UIInterfaceOrientationLandscapeLeft UIInterfaceOrientationLandscapeRight";
				LD_RUNPATH_SEARCH_PATHS = (
					"$(inherited)",
					"@executable_path/Frameworks",
				);
				MARKETING_VERSION = 1.0;
				PRODUCT_BUNDLE_IDENTIFIER = "com.hafizhmo.TMDB-iOS";
				PRODUCT_NAME = "$(TARGET_NAME)";
				SUPPORTED_PLATFORMS = "iphoneos iphonesimulator";
				SUPPORTS_MACCATALYST = NO;
				SUPPORTS_MAC_DESIGNED_FOR_IPHONE_IPAD = NO;
				SWIFT_EMIT_LOC_STRINGS = YES;
				SWIFT_VERSION = 5.0;
				TARGETED_DEVICE_FAMILY = 1;
			};
			name = Release;
		};
		FB7B08DA298EABE70027EECD /* Debug */ = {
			isa = XCBuildConfiguration;
			buildSettings = {
				ALWAYS_EMBED_SWIFT_STANDARD_LIBRARIES = YES;
				BUNDLE_LOADER = "$(TEST_HOST)";
				CODE_SIGN_STYLE = Automatic;
				CURRENT_PROJECT_VERSION = 1;
				GENERATE_INFOPLIST_FILE = YES;
				IPHONEOS_DEPLOYMENT_TARGET = 16.2;
				MARKETING_VERSION = 1.0;
				PRODUCT_BUNDLE_IDENTIFIER = "com.hafizhmo.TMDB-iOSTests";
				PRODUCT_NAME = "$(TARGET_NAME)";
				SWIFT_EMIT_LOC_STRINGS = NO;
				SWIFT_VERSION = 5.0;
				TARGETED_DEVICE_FAMILY = "1,2";
				TEST_HOST = "$(BUILT_PRODUCTS_DIR)/TMDB-iOS.app/$(BUNDLE_EXECUTABLE_FOLDER_PATH)/TMDB-iOS";
			};
			name = Debug;
		};
		FB7B08DB298EABE70027EECD /* Release */ = {
			isa = XCBuildConfiguration;
			buildSettings = {
				ALWAYS_EMBED_SWIFT_STANDARD_LIBRARIES = YES;
				BUNDLE_LOADER = "$(TEST_HOST)";
				CODE_SIGN_STYLE = Automatic;
				CURRENT_PROJECT_VERSION = 1;
				GENERATE_INFOPLIST_FILE = YES;
				IPHONEOS_DEPLOYMENT_TARGET = 16.2;
				MARKETING_VERSION = 1.0;
				PRODUCT_BUNDLE_IDENTIFIER = "com.hafizhmo.TMDB-iOSTests";
				PRODUCT_NAME = "$(TARGET_NAME)";
				SWIFT_EMIT_LOC_STRINGS = NO;
				SWIFT_VERSION = 5.0;
				TARGETED_DEVICE_FAMILY = "1,2";
				TEST_HOST = "$(BUILT_PRODUCTS_DIR)/TMDB-iOS.app/$(BUNDLE_EXECUTABLE_FOLDER_PATH)/TMDB-iOS";
			};
			name = Release;
		};
		FB7B08DD298EABE70027EECD /* Debug */ = {
			isa = XCBuildConfiguration;
			buildSettings = {
				ALWAYS_EMBED_SWIFT_STANDARD_LIBRARIES = YES;
				CODE_SIGN_STYLE = Automatic;
				CURRENT_PROJECT_VERSION = 1;
				GENERATE_INFOPLIST_FILE = YES;
				MARKETING_VERSION = 1.0;
				PRODUCT_BUNDLE_IDENTIFIER = "com.hafizhmo.TMDB-iOSUITests";
				PRODUCT_NAME = "$(TARGET_NAME)";
				SWIFT_EMIT_LOC_STRINGS = NO;
				SWIFT_VERSION = 5.0;
				TARGETED_DEVICE_FAMILY = "1,2";
				TEST_TARGET_NAME = "TMDB-iOS";
			};
			name = Debug;
		};
		FB7B08DE298EABE70027EECD /* Release */ = {
			isa = XCBuildConfiguration;
			buildSettings = {
				ALWAYS_EMBED_SWIFT_STANDARD_LIBRARIES = YES;
				CODE_SIGN_STYLE = Automatic;
				CURRENT_PROJECT_VERSION = 1;
				GENERATE_INFOPLIST_FILE = YES;
				MARKETING_VERSION = 1.0;
				PRODUCT_BUNDLE_IDENTIFIER = "com.hafizhmo.TMDB-iOSUITests";
				PRODUCT_NAME = "$(TARGET_NAME)";
				SWIFT_EMIT_LOC_STRINGS = NO;
				SWIFT_VERSION = 5.0;
				TARGETED_DEVICE_FAMILY = "1,2";
				TEST_TARGET_NAME = "TMDB-iOS";
			};
			name = Release;
		};
/* End XCBuildConfiguration section */

/* Begin XCConfigurationList section */
		FB7B08A7298EABE60027EECD /* Build configuration list for PBXProject "TMDB-iOS" */ = {
			isa = XCConfigurationList;
			buildConfigurations = (
				FB7B08D4298EABE70027EECD /* Debug */,
				FB7B08D5298EABE70027EECD /* Release */,
			);
			defaultConfigurationIsVisible = 0;
			defaultConfigurationName = Release;
		};
		FB7B08D6298EABE70027EECD /* Build configuration list for PBXNativeTarget "TMDB-iOS" */ = {
			isa = XCConfigurationList;
			buildConfigurations = (
				FB7B08D7298EABE70027EECD /* Debug */,
				FB7B08D8298EABE70027EECD /* Release */,
			);
			defaultConfigurationIsVisible = 0;
			defaultConfigurationName = Release;
		};
		FB7B08D9298EABE70027EECD /* Build configuration list for PBXNativeTarget "TMDB-iOSTests" */ = {
			isa = XCConfigurationList;
			buildConfigurations = (
				FB7B08DA298EABE70027EECD /* Debug */,
				FB7B08DB298EABE70027EECD /* Release */,
			);
			defaultConfigurationIsVisible = 0;
			defaultConfigurationName = Release;
		};
		FB7B08DC298EABE70027EECD /* Build configuration list for PBXNativeTarget "TMDB-iOSUITests" */ = {
			isa = XCConfigurationList;
			buildConfigurations = (
				FB7B08DD298EABE70027EECD /* Debug */,
				FB7B08DE298EABE70027EECD /* Release */,
			);
			defaultConfigurationIsVisible = 0;
			defaultConfigurationName = Release;
		};
/* End XCConfigurationList section */

/* Begin XCVersionGroup section */
		FB23E7C6299D3CA5002B93DE /* TMDB-CD.xcdatamodeld */ = {
			isa = XCVersionGroup;
			children = (
				FB23E7C7299D3CA5002B93DE /* TMDB-CD.xcdatamodel */,
			);
			currentVersion = FB23E7C7299D3CA5002B93DE /* TMDB-CD.xcdatamodel */;
			path = "TMDB-CD.xcdatamodeld";
			sourceTree = "<group>";
			versionGroupType = wrapper.xcdatamodel;
		};
/* End XCVersionGroup section */
	};
	rootObject = FB7B08A4298EABE60027EECD /* Project object */;
}
